{
  "name": "tjs",
  "version": "0.0.0",
  "lockfileVersion": 3,
  "requires": true,
  "packages": {
    "": {
      "name": "tjs",
      "version": "0.0.0",
      "license": "MIT",
      "dependencies": {
        "meriyah": "^6.0.6"
      }
    },
    "node_modules/meriyah": {
      "version": "6.0.6",
      "resolved": "https://registry.npmjs.org/meriyah/-/meriyah-6.0.6.tgz",
      "integrity": "sha512-jXJ2Hn1sLcge9QypNdZwbl/GqF5Qdc46TJA20g9KFa4ZnxQx74bDlJ3RfdaFhUIU3yN0lAcP99EH/XPPAcYcHA==",
      "license": "ISC",
      "engines": {
        "node": ">=18.0.0"
      }
    }
  }
}
